
Microsoft Visual Studio Solution File, Format Version 12.00
# Visual Studio 15
VisualStudioVersion = 15.0.28307.1401
MinimumVisualStudioVersion = 10.0.40219.1
Project("{FAE04EC0-301F-11D3-BF4B-00C04F79EFBC}") = "FOOD_APP_API_DEMO", "FOOD_APP_API_DEMO\FOOD_APP_API_DEMO.csproj", "{AD783BA3-1784-4348-A1B9-8D0879EA920C}"
EndProject
Project("{2150E333-8FDC-42A3-9474-1A3956D46DE8}") = "Properties", "Properties", "{59A957CF-6B7A-4025-BCDD-50DB2FF0DC6A}"
	ProjectSection(SolutionItems) = preProject
		properties.yml = properties.yml
	EndProjectSection
EndProject
Global
	GlobalSection(SolutionConfigurationPlatforms) = preSolution
		Debug|Any CPU = Debug|Any CPU
		Release|Any CPU = Release|Any CPU
	EndGlobalSection
	GlobalSection(ProjectConfigurationPlatforms) = postSolution
		{AD783BA3-1784-4348-A1B9-8D0879EA920C}.Debug|Any CPU.ActiveCfg = Debug|Any CPU
		{AD783BA3-1784-4348-A1B9-8D0879EA920C}.Debug|Any CPU.Build.0 = Debug|Any CPU
		{AD783BA3-1784-4348-A1B9-8D0879EA920C}.Release|Any CPU.ActiveCfg = Release|Any CPU
		{AD783BA3-1784-4348-A1B9-8D0879EA920C}.Release|Any CPU.Build.0 = Release|Any CPU
	EndGlobalSection
	GlobalSection(SolutionProperties) = preSolution
		HideSolutionNode = FALSE
	EndGlobalSection
	GlobalSection(ExtensibilityGlobals) = postSolution
		SolutionGuid = {228FF29B-7C7A-461C-BAAE-F4D21D24988C}
	EndGlobalSection
EndGlobal
